PODS:
  - Capacitor (8.4.1):
    - CapacitorCordova
  - CapacitorCamera (8.2.0):
    - Capacitor
    - IONCameraLib (~> 1.0.4)
  - CapacitorCommunitySpeechRecognition (7.0.1):
    - Capacitor
  - CapacitorCordova (8.4.1)
  - IONCameraLib (1.0.4)

DEPENDENCIES:
  - "Capacitor (from `../../node_modules/@capacitor/ios`)"
  - "CapacitorCamera (from `../../node_modules/@capacitor/camera`)"
  - "CapacitorCommunitySpeechRecognition (from `../../node_modules/@capacitor-community/speech-recognition`)"
  - "CapacitorCordova (from `../../node_modules/@capacitor/ios`)"

SPEC REPOS:
  trunk:
    - IONCameraLib

EXTERNAL SOURCES:
  Capacitor:
    :path: "../../node_modules/@capacitor/ios"
  CapacitorCamera:
    :path: "../../node_modules/@capacitor/camera"
  CapacitorCommunitySpeechRecognition:
    :path: "../../node_modules/@capacitor-community/speech-recognition"
  CapacitorCordova:
    :path: "../../node_modules/@capacitor/ios"

SPEC CHECKSUMS:
  Capacitor: 35242afe195b1e53c58ca1b827d1b444c5e6602b
  CapacitorCamera: 8f6acf83664118321111e76acef86390211ccb08
  CapacitorCommunitySpeechRecognition: 3e03566c44c2bb3b52391a33d4518b1adbdeb38f
  CapacitorCordova: eebe6bcf807b1b06f3f48237650f96bbcd0eef09
  IONCameraLib: f2349804460bd9e3f892e42109b8d996ab3fa19d

PODFILE CHECKSUM: f6f7686ea2b24f336669ea1ed5a0f5433d94da7c

COCOAPODS: 1.16.2
